
Microsoft Visual Studio Solution File, Format Version 12.00
Project("{FAE04EC0-301F-11D3-BF4B-00C04F79EFBC}") = "SDC_Sharp", "SDC_Sharp.csproj", "{5F671E89-69E8-4526-B083-975324EBB5D8}"
EndProject
Project("{FAE04EC0-301F-11D3-BF4B-00C04F79EFBC}") = "SDC_Sharp.DSharpPlus", "SDC_Sharp.DSharpPlus\SDC_Sharp.DSharpPlus.csproj", "{D05DD263-D28C-4F56-B06B-ADF8F922C41E}"
EndProject
Project("{FAE04EC0-301F-11D3-BF4B-00C04F79EFBC}") = "SDC_Sharp.DiscordNet", "SDC_Sharp.DiscordNet\SDC_Sharp.DiscordNet.csproj", "{148BA48A-4520-4625-AC73-4502AE8FF430}"
EndProject
Global
	GlobalSection(SolutionConfigurationPlatforms) = preSolution
		Debug|Any CPU = Debug|Any CPU
		Release|Any CPU = Release|Any CPU
	EndGlobalSection
	GlobalSection(ProjectConfigurationPlatforms) = postSolution
		{5F671E89-69E8-4526-B083-975324EBB5D8}.Debug|Any CPU.ActiveCfg = Debug|Any CPU
		{5F671E89-69E8-4526-B083-975324EBB5D8}.Debug|Any CPU.Build.0 = Debug|Any CPU
		{5F671E89-69E8-4526-B083-975324EBB5D8}.Release|Any CPU.ActiveCfg = Release|Any CPU
		{5F671E89-69E8-4526-B083-975324EBB5D8}.Release|Any CPU.Build.0 = Release|Any CPU
		{D05DD263-D28C-4F56-B06B-ADF8F922C41E}.Debug|Any CPU.ActiveCfg = Debug|Any CPU
		{D05DD263-D28C-4F56-B06B-ADF8F922C41E}.Debug|Any CPU.Build.0 = Debug|Any CPU
		{D05DD263-D28C-4F56-B06B-ADF8F922C41E}.Release|Any CPU.ActiveCfg = Release|Any CPU
		{D05DD263-D28C-4F56-B06B-ADF8F922C41E}.Release|Any CPU.Build.0 = Release|Any CPU
		{148BA48A-4520-4625-AC73-4502AE8FF430}.Debug|Any CPU.ActiveCfg = Debug|Any CPU
		{148BA48A-4520-4625-AC73-4502AE8FF430}.Debug|Any CPU.Build.0 = Debug|Any CPU
		{148BA48A-4520-4625-AC73-4502AE8FF430}.Release|Any CPU.ActiveCfg = Release|Any CPU
		{148BA48A-4520-4625-AC73-4502AE8FF430}.Release|Any CPU.Build.0 = Release|Any CPU
	EndGlobalSection
EndGlobal
